
Microsoft Visual Studio Solution File, Format Version 12.00
# Visual Studio Version 17
VisualStudioVersion = 17.9.34902.65
MinimumVisualStudioVersion = 10.0.40219.1
Project("{FAE04EC0-301F-11D3-BF4B-00C04F79EFBC}") = "Services.User.Domain", "Services.User.Domain\Services.User.Domain.csproj", "{D5245EA1-0AFB-4FD3-86FC-76417A568099}"
EndProject
Project("{FAE04EC0-301F-11D3-BF4B-00C04F79EFBC}") = "Services.Tests", "Services.User.Tests\Services.Tests.csproj", "{DF3F1C62-1E42-4962-A910-FFE90DEE2745}"
EndProject
Project("{FAE04EC0-301F-11D3-BF4B-00C04F79EFBC}") = "Services.User.Application", "Services.User.Application\Services.User.Application.csproj", "{D4CA0A15-40AF-4EC9-8749-C01AD5E713DA}"
EndProject
Project("{FAE04EC0-301F-11D3-BF4B-00C04F79EFBC}") = "Services.User.Infrastructure", "Services.User.Infrastructure\Services.User.Infrastructure.csproj", "{7F9082EF-4BC2-4501-AAA9-B26AFEAEFD8B}"
EndProject
Global
	GlobalSection(SolutionConfigurationPlatforms) = preSolution
		Debug|Any CPU = Debug|Any CPU
		Release|Any CPU = Release|Any CPU
	EndGlobalSection
	GlobalSection(ProjectConfigurationPlatforms) = postSolution
		{D5245EA1-0AFB-4FD3-86FC-76417A568099}.Debug|Any CPU.ActiveCfg = Debug|Any CPU
		{D5245EA1-0AFB-4FD3-86FC-76417A568099}.Debug|Any CPU.Build.0 = Debug|Any CPU
		{D5245EA1-0AFB-4FD3-86FC-76417A568099}.Release|Any CPU.ActiveCfg = Release|Any CPU
		{D5245EA1-0AFB-4FD3-86FC-76417A568099}.Release|Any CPU.Build.0 = Release|Any CPU
		{DF3F1C62-1E42-4962-A910-FFE90DEE2745}.Debug|Any CPU.ActiveCfg = Debug|Any CPU
		{DF3F1C62-1E42-4962-A910-FFE90DEE2745}.Debug|Any CPU.Build.0 = Debug|Any CPU
		{DF3F1C62-1E42-4962-A910-FFE90DEE2745}.Release|Any CPU.ActiveCfg = Release|Any CPU
		{DF3F1C62-1E42-4962-A910-FFE90DEE2745}.Release|Any CPU.Build.0 = Release|Any CPU
		{D4CA0A15-40AF-4EC9-8749-C01AD5E713DA}.Debug|Any CPU.ActiveCfg = Debug|Any CPU
		{D4CA0A15-40AF-4EC9-8749-C01AD5E713DA}.Debug|Any CPU.Build.0 = Debug|Any CPU
		{D4CA0A15-40AF-4EC9-8749-C01AD5E713DA}.Release|Any CPU.ActiveCfg = Release|Any CPU
		{D4CA0A15-40AF-4EC9-8749-C01AD5E713DA}.Release|Any CPU.Build.0 = Release|Any CPU
		{7F9082EF-4BC2-4501-AAA9-B26AFEAEFD8B}.Debug|Any CPU.ActiveCfg = Debug|Any CPU
		{7F9082EF-4BC2-4501-AAA9-B26AFEAEFD8B}.Debug|Any CPU.Build.0 = Debug|Any CPU
		{7F9082EF-4BC2-4501-AAA9-B26AFEAEFD8B}.Release|Any CPU.ActiveCfg = Release|Any CPU
		{7F9082EF-4BC2-4501-AAA9-B26AFEAEFD8B}.Release|Any CPU.Build.0 = Release|Any CPU
	EndGlobalSection
	GlobalSection(SolutionProperties) = preSolution
		HideSolutionNode = FALSE
	EndGlobalSection
	GlobalSection(ExtensibilityGlobals) = postSolution
		SolutionGuid = {0B83BD2C-403F-4DE6-8F36-685BC8FDCD8D}
	EndGlobalSection
EndGlobal
